Microsoft Visual Studio Solution File, Format Version 11.00
# Visual Studio 2008

Project("{8EBA3963-3B6D-0DB2-B343-3CC701CFC423}") = "ggj2014", "Assembly-CSharp-firstpass.csproj", "{A25B5838-9D31-5016-299C-B8A19DBFDADD}"
EndProject
Project("{8EBA3963-3B6D-0DB2-B343-3CC701CFC423}") = "ggj2014", "Assembly-UnityScript-firstpass.unityproj", "{1334F271-EF00-9BDA-E82A-1BC3C44C5B76}"
EndProject
Global
	GlobalSection(SolutionConfigurationPlatforms) = preSolution
		Debug|Any CPU = Debug|Any CPU
		Release|Any CPU = Release|Any CPU
	EndGlobalSection
	GlobalSection(ProjectConfigurationPlatforms) = postSolution
		{A25B5838-9D31-5016-299C-B8A19DBFDADD}.Debug|Any CPU.ActiveCfg = Debug|Any CPU
		{A25B5838-9D31-5016-299C-B8A19DBFDADD}.Debug|Any CPU.Build.0 = Debug|Any CPU
		{A25B5838-9D31-5016-299C-B8A19DBFDADD}.Release|Any CPU.ActiveCfg = Release|Any CPU
		{A25B5838-9D31-5016-299C-B8A19DBFDADD}.Release|Any CPU.Build.0 = Release|Any CPU
		{1334F271-EF00-9BDA-E82A-1BC3C44C5B76}.Debug|Any CPU.ActiveCfg = Debug|Any CPU
		{1334F271-EF00-9BDA-E82A-1BC3C44C5B76}.Debug|Any CPU.Build.0 = Debug|Any CPU
		{1334F271-EF00-9BDA-E82A-1BC3C44C5B76}.Release|Any CPU.ActiveCfg = Release|Any CPU
		{1334F271-EF00-9BDA-E82A-1BC3C44C5B76}.Release|Any CPU.Build.0 = Release|Any CPU
	EndGlobalSection
	GlobalSection(SolutionProperties) = preSolution
		HideSolutionNode = FALSE
	EndGlobalSection
	GlobalSection(MonoDevelopProperties) = preSolution
		StartupItem = Assembly-CSharp.csproj
		Policies = $0
		$0.TextStylePolicy = $1
		$1.inheritsSet = null
		$1.scope = text/x-csharp
		$0.CSharpFormattingPolicy = $2
		$2.inheritsSet = Mono
		$2.inheritsScope = text/x-csharp
		$2.scope = text/x-csharp
		$0.TextStylePolicy = $3
		$3.FileWidth = 120
		$3.TabWidth = 4
		$3.EolMarker = Unix
		$3.inheritsSet = Mono
		$3.inheritsScope = text/plain
		$3.scope = text/plain
	EndGlobalSection
EndGlobal
